// !$*UTF8*$!
{
	archiveVersion = 1;
	classes = {
	};
	objectVersion = 56;
	objects = {

/* Begin PBXBuildFile section */
		8208ED842C6B87550097230D /* Course.swift in Sources */ = {isa = PBXBuildFile; fileRef = 8208ED812C6B87550097230D /* Course.swift */; };
		8208ED852C6B87550097230D /* CourseSection.swift in Sources */ = {isa = PBXBuildFile; fileRef = 8208ED822C6B87550097230D /* CourseSection.swift */; };
		8208ED872C6B87B40097230D /* VCard.swift in Sources */ = {isa = PBXBuildFile; fileRef = 8208ED862C6B87B40097230D /* VCard.swift */; };
		8208ED892C6B8C840097230D /* HCard.swift in Sources */ = {isa = PBXBuildFile; fileRef = 8208ED882C6B8C840097230D /* HCard.swift */; };
		8208ED8B2C6B8F280097230D /* HomeView.swift in Sources */ = {isa = PBXBuildFile; fileRef = 8208ED8A2C6B8F280097230D /* HomeView.swift */; };
		8208ED8D2C6B921B0097230D /* SideMenu.swift in Sources */ = {isa = PBXBuildFile; fileRef = 8208ED8C2C6B921B0097230D /* SideMenu.swift */; };
		820BEE042C6C853E0082C666 /* MenuRow.swift in Sources */ = {isa = PBXBuildFile; fileRef = 820BEE032C6C853E0082C666 /* MenuRow.swift */; };
		826D64E72C6A21BE00DB46A5 /* AnimationAppApp.swift in Sources */ = {isa = PBXBuildFile; fileRef = 826D64E62C6A21BE00DB46A5 /* AnimationAppApp.swift */; };
		826D64E92C6A21BE00DB46A5 /* ContentView.swift in Sources */ = {isa = PBXBuildFile; fileRef = 826D64E82C6A21BE00DB46A5 /* ContentView.swift */; };
		826D64EB2C6A21C100DB46A5 /* Assets.xcassets in Resources */ = {isa = PBXBuildFile; fileRef = 826D64EA2C6A21C100DB46A5 /* Assets.xcassets */; };
		826D64EE2C6A21C100DB46A5 /* Preview Assets.xcassets in Resources */ = {isa = PBXBuildFile; fileRef = 826D64ED2C6A21C100DB46A5 /* Preview Assets.xcassets */; };
		826D64F62C6A22B500DB46A5 /* RiveRuntime in Frameworks */ = {isa = PBXBuildFile; productRef = 826D64F52C6A22B500DB46A5 /* RiveRuntime */; };
		826D64F82C6A22E200DB46A5 /* OnboardingView.swift in Sources */ = {isa = PBXBuildFile; fileRef = 826D64F72C6A22E200DB46A5 /* OnboardingView.swift */; };
		826D65012C6A239800DB46A5 /* button.riv in Resources */ = {isa = PBXBuildFile; fileRef = 826D64F92C6A239800DB46A5 /* button.riv */; };
		826D65022C6A239800DB46A5 /* confetti.riv in Resources */ = {isa = PBXBuildFile; fileRef = 826D64FA2C6A239800DB46A5 /* confetti.riv */; };
		826D65032C6A239800DB46A5 /* house.riv in Resources */ = {isa = PBXBuildFile; fileRef = 826D64FB2C6A239800DB46A5 /* house.riv */; };
		826D65042C6A239800DB46A5 /* icons.riv in Resources */ = {isa = PBXBuildFile; fileRef = 826D64FC2C6A239800DB46A5 /* icons.riv */; };
		826D65052C6A239800DB46A5 /* menu_button.riv in Resources */ = {isa = PBXBuildFile; fileRef = 826D64FD2C6A239800DB46A5 /* menu_button.riv */; };
		826D65062C6A239800DB46A5 /* shapes.riv in Resources */ = {isa = PBXBuildFile; fileRef = 826D64FE2C6A239800DB46A5 /* shapes.riv */; };
		826D65072C6A239800DB46A5 /* check.riv in Resources */ = {isa = PBXBuildFile; fileRef = 826D64FF2C6A239800DB46A5 /* check.riv */; };
		826D650C2C6A273B00DB46A5 /* Inter-Regular.ttf in Resources */ = {isa = PBXBuildFile; fileRef = 826D65082C6A273B00DB46A5 /* Inter-Regular.ttf */; };
		826D650D2C6A273B00DB46A5 /* Inter-SemiBold.ttf in Resources */ = {isa = PBXBuildFile; fileRef = 826D65092C6A273B00DB46A5 /* Inter-SemiBold.ttf */; };
		826D650E2C6A273B00DB46A5 /* Poppins-Bold.ttf in Resources */ = {isa = PBXBuildFile; fileRef = 826D650A2C6A273B00DB46A5 /* Poppins-Bold.ttf */; };
		826D65112C6A295400DB46A5 /* CustomFont.swift in Sources */ = {isa = PBXBuildFile; fileRef = 826D65102C6A295400DB46A5 /* CustomFont.swift */; };
		826D65132C6A391900DB46A5 /* SignInView.swift in Sources */ = {isa = PBXBuildFile; fileRef = 826D65122C6A391900DB46A5 /* SignInView.swift */; };
		826D65152C6A3E0900DB46A5 /* CustomTextField.swift in Sources */ = {isa = PBXBuildFile; fileRef = 826D65142C6A3E0900DB46A5 /* CustomTextField.swift */; };
		826D65172C6A41AB00DB46A5 /* Extensions.swift in Sources */ = {isa = PBXBuildFile; fileRef = 826D65162C6A41AB00DB46A5 /* Extensions.swift */; };
		82E9F8972C6B6CB600EAB178 /* TabBar.swift in Sources */ = {isa = PBXBuildFile; fileRef = 82E9F8962C6B6CB600EAB178 /* TabBar.swift */; };
/* End PBXBuildFile section */

/* Begin PBXFileReference section */
		8208ED812C6B87550097230D /* Course.swift */ = {isa = PBXFileReference; fileEncoding = 4; lastKnownFileType = sourcecode.swift; path = Course.swift; sourceTree = "<group>"; };
		8208ED822C6B87550097230D /* CourseSection.swift */ = {isa = PBXFileReference; fileEncoding = 4; lastKnownFileType = sourcecode.swift; path = CourseSection.swift; sourceTree = "<group>"; };
		8208ED862C6B87B40097230D /* VCard.swift */ = {isa = PBXFileReference; lastKnownFileType = sourcecode.swift; path = VCard.swift; sourceTree = "<group>"; };
		8208ED882C6B8C840097230D /* HCard.swift */ = {isa = PBXFileReference; lastKnownFileType = sourcecode.swift; path = HCard.swift; sourceTree = "<group>"; };
		8208ED8A2C6B8F280097230D /* HomeView.swift */ = {isa = PBXFileReference; lastKnownFileType = sourcecode.swift; path = HomeView.swift; sourceTree = "<group>"; };
		8208ED8C2C6B921B0097230D /* SideMenu.swift */ = {isa = PBXFileReference; lastKnownFileType = sourcecode.swift; path = SideMenu.swift; sourceTree = "<group>"; };
		820BEE032C6C853E0082C666 /* MenuRow.swift */ = {isa = PBXFileReference; lastKnownFileType = sourcecode.swift; path = MenuRow.swift; sourceTree = "<group>"; };
		826D64E32C6A21BE00DB46A5 /* AnimationApp.app */ = {isa = PBXFileReference; explicitFileType = wrapper.application; includeInIndex = 0; path = AnimationApp.app; sourceTree = BUILT_PRODUCTS_DIR; };
		826D64E62C6A21BE00DB46A5 /* AnimationAppApp.swift */ = {isa = PBXFileReference; lastKnownFileType = sourcecode.swift; path = AnimationAppApp.swift; sourceTree = "<group>"; };
		826D64E82C6A21BE00DB46A5 /* ContentView.swift */ = {isa = PBXFileReference; lastKnownFileType = sourcecode.swift; path = ContentView.swift; sourceTree = "<group>"; };
		826D64EA2C6A21C100DB46A5 /* Assets.xcassets */ = {isa = PBXFileReference; lastKnownFileType = folder.assetcatalog; path = Assets.xcassets; sourceTree = "<group>"; };
		826D64ED2C6A21C100DB46A5 /* Preview Assets.xcassets */ = {isa = PBXFileReference; lastKnownFileType = folder.assetcatalog; path = "Preview Assets.xcassets"; sourceTree = "<group>"; };
		826D64F72C6A22E200DB46A5 /* OnboardingView.swift */ = {isa = PBXFileReference; lastKnownFileType = sourcecode.swift; path = OnboardingView.swift; sourceTree = "<group>"; };
		826D64F92C6A239800DB46A5 /* button.riv */ = {isa = PBXFileReference; lastKnownFileType = file; path = button.riv; sourceTree = "<group>"; };
		826D64FA2C6A239800DB46A5 /* confetti.riv */ = {isa = PBXFileReference; lastKnownFileType = file; path = confetti.riv; sourceTree = "<group>"; };
		826D64FB2C6A239800DB46A5 /* house.riv */ = {isa = PBXFileReference; lastKnownFileType = file; path = house.riv; sourceTree = "<group>"; };
		826D64FC2C6A239800DB46A5 /* icons.riv */ = {isa = PBXFileReference; lastKnownFileType = file; path = icons.riv; sourceTree = "<group>"; };
		826D64FD2C6A239800DB46A5 /* menu_button.riv */ = {isa = PBXFileReference; lastKnownFileType = file; path = menu_button.riv; sourceTree = "<group>"; };
		826D64FE2C6A239800DB46A5 /* shapes.riv */ = {isa = PBXFileReference; lastKnownFileType = file; path = shapes.riv; sourceTree = "<group>"; };
		826D64FF2C6A239800DB46A5 /* check.riv */ = {isa = PBXFileReference; lastKnownFileType = file; path = check.riv; sourceTree = "<group>"; };
		826D65082C6A273B00DB46A5 /* Inter-Regular.ttf */ = {isa = PBXFileReference; lastKnownFileType = file; path = "Inter-Regular.ttf"; sourceTree = "<group>"; };
		826D65092C6A273B00DB46A5 /* Inter-SemiBold.ttf */ = {isa = PBXFileReference; lastKnownFileType = file; path = "Inter-SemiBold.ttf"; sourceTree = "<group>"; };
		826D650A2C6A273B00DB46A5 /* Poppins-Bold.ttf */ = {isa = PBXFileReference; lastKnownFileType = file; path = "Poppins-Bold.ttf"; sourceTree = "<group>"; };
		826D650F2C6A277D00DB46A5 /* Info.plist */ = {isa = PBXFileReference; lastKnownFileType = text.plist.xml; path = Info.plist; sourceTree = "<group>"; };
		826D65102C6A295400DB46A5 /* CustomFont.swift */ = {isa = PBXFileReference; lastKnownFileType = sourcecode.swift; path = CustomFont.swift; sourceTree = "<group>"; };
		826D65122C6A391900DB46A5 /* SignInView.swift */ = {isa = PBXFileReference; lastKnownFileType = sourcecode.swift; path = SignInView.swift; sourceTree = "<group>"; };
		826D65142C6A3E0900DB46A5 /* CustomTextField.swift */ = {isa = PBXFileReference; lastKnownFileType = sourcecode.swift; path = CustomTextField.swift; sourceTree = "<group>"; };
		826D65162C6A41AB00DB46A5 /* Extensions.swift */ = {isa = PBXFileReference; lastKnownFileType = sourcecode.swift; path = Extensions.swift; sourceTree = "<group>"; };
		82E9F8962C6B6CB600EAB178 /* TabBar.swift */ = {isa = PBXFileReference; lastKnownFileType = sourcecode.swift; path = TabBar.swift; sourceTree = "<group>"; };
/* End PBXFileReference section */

/* Begin PBXFrameworksBuildPhase section */
		826D64E02C6A21BE00DB46A5 /* Frameworks */ = {
			isa = PBXFrameworksBuildPhase;
			buildActionMask = 2147483647;
			files = (
				826D64F62C6A22B500DB46A5 /* RiveRuntime in Frameworks */,
			);
			runOnlyForDeploymentPostprocessing = 0;
		};
/* End PBXFrameworksBuildPhase section */

/* Begin PBXGroup section */
		8208ED832C6B87550097230D /* Model */ = {
			isa = PBXGroup;
			children = (
				8208ED812C6B87550097230D /* Course.swift */,
				8208ED822C6B87550097230D /* CourseSection.swift */,
			);
			path = Model;
			sourceTree = "<group>";
		};
		826D64DA2C6A21BE00DB46A5 = {
			isa = PBXGroup;
			children = (
				826D64E52C6A21BE00DB46A5 /* AnimationApp */,
				826D64E42C6A21BE00DB46A5 /* Products */,
			);
			sourceTree = "<group>";
		};
		826D64E42C6A21BE00DB46A5 /* Products */ = {
			isa = PBXGroup;
			children = (
				826D64E32C6A21BE00DB46A5 /* AnimationApp.app */,
			);
			name = Products;
			sourceTree = "<group>";
		};
		826D64E52C6A21BE00DB46A5 /* AnimationApp */ = {
			isa = PBXGroup;
			children = (
				8208ED832C6B87550097230D /* Model */,
				826D64E62C6A21BE00DB46A5 /* AnimationAppApp.swift */,
				826D64E82C6A21BE00DB46A5 /* ContentView.swift */,
				8208ED8C2C6B921B0097230D /* SideMenu.swift */,
				820BEE032C6C853E0082C666 /* MenuRow.swift */,
				82E9F8962C6B6CB600EAB178 /* TabBar.swift */,
				8208ED862C6B87B40097230D /* VCard.swift */,
				8208ED882C6B8C840097230D /* HCard.swift */,
				8208ED8A2C6B8F280097230D /* HomeView.swift */,
				82E9F8942C6B6C4600EAB178 /* Views */,
				82E9F8952C6B6C5D00EAB178 /* Styles */,
				826D64EA2C6A21C100DB46A5 /* Assets.xcassets */,
				826D650B2C6A273B00DB46A5 /* Fonts */,
				826D65002C6A239800DB46A5 /* RiveAssets */,
				826D650F2C6A277D00DB46A5 /* Info.plist */,
				826D64EC2C6A21C100DB46A5 /* Preview Content */,
			);
			path = AnimationApp;
			sourceTree = "<group>";
		};
		826D64EC2C6A21C100DB46A5 /* Preview Content */ = {
			isa = PBXGroup;
			children = (
				826D64ED2C6A21C100DB46A5 /* Preview Assets.xcassets */,
			);
			path = "Preview Content";
			sourceTree = "<group>";
		};
		826D65002C6A239800DB46A5 /* RiveAssets */ = {
			isa = PBXGroup;
			children = (
				826D64F92C6A239800DB46A5 /* button.riv */,
				826D64FA2C6A239800DB46A5 /* confetti.riv */,
				826D64FB2C6A239800DB46A5 /* house.riv */,
				826D64FC2C6A239800DB46A5 /* icons.riv */,
				826D64FD2C6A239800DB46A5 /* menu_button.riv */,
				826D64FE2C6A239800DB46A5 /* shapes.riv */,
				826D64FF2C6A239800DB46A5 /* check.riv */,
			);
			path = RiveAssets;
			sourceTree = "<group>";
		};
		826D650B2C6A273B00DB46A5 /* Fonts */ = {
			isa = PBXGroup;
			children = (
				826D65082C6A273B00DB46A5 /* Inter-Regular.ttf */,
				826D65092C6A273B00DB46A5 /* Inter-SemiBold.ttf */,
				826D650A2C6A273B00DB46A5 /* Poppins-Bold.ttf */,
			);
			path = Fonts;
			sourceTree = "<group>";
		};
		82E9F8942C6B6C4600EAB178 /* Views */ = {
			isa = PBXGroup;
			children = (
				826D64F72C6A22E200DB46A5 /* OnboardingView.swift */,
				826D65122C6A391900DB46A5 /* SignInView.swift */,
			);
			path = Views;
			sourceTree = "<group>";
		};
		82E9F8952C6B6C5D00EAB178 /* Styles */ = {
			isa = PBXGroup;
			children = (
				826D65162C6A41AB00DB46A5 /* Extensions.swift */,
				826D65142C6A3E0900DB46A5 /* CustomTextField.swift */,
				826D65102C6A295400DB46A5 /* CustomFont.swift */,
			);
			path = Styles;
			sourceTree = "<group>";
		};
/* End PBXGroup section */

/* Begin PBXNativeTarget section */
		826D64E22C6A21BE00DB46A5 /* AnimationApp */ = {
			isa = PBXNativeTarget;
			buildConfigurationList = 826D64F12C6A21C100DB46A5 /* Build configuration list for PBXNativeTarget "AnimationApp" */;
			buildPhases = (
				826D64DF2C6A21BE00DB46A5 /* Sources */,
				826D64E02C6A21BE00DB46A5 /* Frameworks */,
				826D64E12C6A21BE00DB46A5 /* Resources */,
			);
			buildRules = (
			);
			dependencies = (
			);
			name = AnimationApp;
			packageProductDependencies = (
				826D64F52C6A22B500DB46A5 /* RiveRuntime */,
			);
			productName = AnimationApp;
			productReference = 826D64E32C6A21BE00DB46A5 /* AnimationApp.app */;
			productType = "com.apple.product-type.application";
		};
/* End PBXNativeTarget section */

/* Begin PBXProject section */
		826D64DB2C6A21BE00DB46A5 /* Project object */ = {
			isa = PBXProject;
			attributes = {
				BuildIndependentTargetsInParallel = 1;
				LastSwiftUpdateCheck = 1540;
				LastUpgradeCheck = 1540;
				TargetAttributes = {
					826D64E22C6A21BE00DB46A5 = {
						CreatedOnToolsVersion = 15.4;
					};
				};
			};
			buildConfigurationList = 826D64DE2C6A21BE00DB46A5 /* Build configuration list for PBXProject "AnimationApp" */;
			compatibilityVersion = "Xcode 14.0";
			developmentRegion = en;
			hasScannedForEncodings = 0;
			knownRegions = (
				en,
				Base,
			);
			mainGroup = 826D64DA2C6A21BE00DB46A5;
			packageReferences = (
				826D64F42C6A22B500DB46A5 /* XCRemoteSwiftPackageReference "rive-ios" */,
			);
			productRefGroup = 826D64E42C6A21BE00DB46A5 /* Products */;
			projectDirPath = "";
			projectRoot = "";
			targets = (
				826D64E22C6A21BE00DB46A5 /* AnimationApp */,
			);
		};
/* End PBXProject section */

/* Begin PBXResourcesBuildPhase section */
		826D64E12C6A21BE00DB46A5 /* Resources */ = {
			isa = PBXResourcesBuildPhase;
			buildActionMask = 2147483647;
			files = (
				826D65072C6A239800DB46A5 /* check.riv in Resources */,
				826D65012C6A239800DB46A5 /* button.riv in Resources */,
				826D65032C6A239800DB46A5 /* house.riv in Resources */,
				826D650D2C6A273B00DB46A5 /* Inter-SemiBold.ttf in Resources */,
				826D65042C6A239800DB46A5 /* icons.riv in Resources */,
				826D64EE2C6A21C100DB46A5 /* Preview Assets.xcassets in Resources */,
				826D64EB2C6A21C100DB46A5 /* Assets.xcassets in Resources */,
				826D650E2C6A273B00DB46A5 /* Poppins-Bold.ttf in Resources */,
				826D650C2C6A273B00DB46A5 /* Inter-Regular.ttf in Resources */,
				826D65062C6A239800DB46A5 /* shapes.riv in Resources */,
				826D65052C6A239800DB46A5 /* menu_button.riv in Resources */,
				826D65022C6A239800DB46A5 /* confetti.riv in Resources */,
			);
			runOnlyForDeploymentPostprocessing = 0;
		};
/* End PBXResourcesBuildPhase section */

/* Begin PBXSourcesBuildPhase section */
		826D64DF2C6A21BE00DB46A5 /* Sources */ = {
			isa = PBXSourcesBuildPhase;
			buildActionMask = 2147483647;
			files = (
				8208ED842C6B87550097230D /* Course.swift in Sources */,
				826D64F82C6A22E200DB46A5 /* OnboardingView.swift in Sources */,
				8208ED8B2C6B8F280097230D /* HomeView.swift in Sources */,
				8208ED8D2C6B921B0097230D /* SideMenu.swift in Sources */,
				826D65112C6A295400DB46A5 /* CustomFont.swift in Sources */,
				826D65152C6A3E0900DB46A5 /* CustomTextField.swift in Sources */,
				8208ED892C6B8C840097230D /* HCard.swift in Sources */,
				8208ED852C6B87550097230D /* CourseSection.swift in Sources */,
				8208ED872C6B87B40097230D /* VCard.swift in Sources */,
				82E9F8972C6B6CB600EAB178 /* TabBar.swift in Sources */,
				826D64E92C6A21BE00DB46A5 /* ContentView.swift in Sources */,
				826D64E72C6A21BE00DB46A5 /* AnimationAppApp.swift in Sources */,
				826D65132C6A391900DB46A5 /* SignInView.swift in Sources */,
				826D65172C6A41AB00DB46A5 /* Extensions.swift in Sources */,
				820BEE042C6C853E0082C666 /* MenuRow.swift in Sources */,
			);
			runOnlyForDeploymentPostprocessing = 0;
		};
/* End PBXSourcesBuildPhase section */

/* Begin XCBuildConfiguration section */
		826D64EF2C6A21C100DB46A5 /* Debug */ = {
			isa = XCBuildConfiguration;
			buildSettings = {
				ALWAYS_SEARCH_USER_PATHS = NO;
				ASSETCATALOG_COMPILER_GENERATE_SWIFT_ASSET_SYMBOL_EXTENSIONS = YES;
				CLANG_ANALYZER_NONNULL = YES;
				CLANG_ANALYZER_NUMBER_OBJECT_CONVERSION = YES_AGGRESSIVE;
				CLANG_CXX_LANGUAGE_STANDARD = "gnu++20";
				CLANG_ENABLE_MODULES = YES;
				CLANG_ENABLE_OBJC_ARC = YES;
				CLANG_ENABLE_OBJC_WEAK = YES;
				CLANG_WARN_BLOCK_CAPTURE_AUTORELEASING = YES;
				CLANG_WARN_BOOL_CONVERSION = YES;
				CLANG_WARN_COMMA = YES;
				CLANG_WARN_CONSTANT_CONVERSION = YES;
				CLANG_WARN_DEPRECATED_OBJC_IMPLEMENTATIONS = YES;
				CLANG_WARN_DIRECT_OBJC_ISA_USAGE = YES_ERROR;
				CLANG_WARN_DOCUMENTATION_COMMENTS = YES;
				CLANG_WARN_EMPTY_BODY = YES;
				CLANG_WARN_ENUM_CONVERSION = YES;
				CLANG_WARN_INFINITE_RECURSION = YES;
				CLANG_WARN_INT_CONVERSION = YES;
				CLANG_WARN_NON_LITERAL_NULL_CONVERSION = YES;
				CLANG_WARN_OBJC_IMPLICIT_RETAIN_SELF = YES;
				CLANG_WARN_OBJC_LITERAL_CONVERSION = YES;
				CLANG_WARN_OBJC_ROOT_CLASS = YES_ERROR;
				CLANG_WARN_QUOTED_INCLUDE_IN_FRAMEWORK_HEADER = YES;
				CLANG_WARN_RANGE_LOOP_ANALYSIS = YES;
				CLANG_WARN_STRICT_PROTOTYPES = YES;
				CLANG_WARN_SUSPICIOUS_MOVE = YES;
				CLANG_WARN_UNGUARDED_AVAILABILITY = YES_AGGRESSIVE;
				CLANG_WARN_UNREACHABLE_CODE = YES;
				CLANG_WARN__DUPLICATE_METHOD_MATCH = YES;
				COPY_PHASE_STRIP = NO;
				DEBUG_INFORMATION_FORMAT = dwarf;
				ENABLE_STRICT_OBJC_MSGSEND = YES;
				ENABLE_TESTABILITY = YES;
				ENABLE_USER_SCRIPT_SANDBOXING = YES;
				GCC_C_LANGUAGE_STANDARD = gnu17;
				GCC_DYNAMIC_NO_PIC = NO;
				GCC_NO_COMMON_BLOCKS = YES;
				GCC_OPTIMIZATION_LEVEL = 0;
				GCC_PREPROCESSOR_DEFINITIONS = (
					"DEBUG=1",
					"$(inherited)",
				);
				GCC_WARN_64_TO_32_BIT_CONVERSION = YES;
				GCC_WARN_ABOUT_RETURN_TYPE = YES_ERROR;
				GCC_WARN_UNDECLARED_SELECTOR = YES;
				GCC_WARN_UNINITIALIZED_AUTOS = YES_AGGRESSIVE;
				GCC_WARN_UNUSED_FUNCTION = YES;
				GCC_WARN_UNUSED_VARIABLE = YES;
				IPHONEOS_DEPLOYMENT_TARGET = 17.5;
				LOCALIZATION_PREFERS_STRING_CATALOGS = YES;
				MTL_ENABLE_DEBUG_INFO = INCLUDE_SOURCE;
				MTL_FAST_MATH = YES;
				ONLY_ACTIVE_ARCH = YES;
				SDKROOT = iphoneos;
				SWIFT_ACTIVE_COMPILATION_CONDITIONS = "DEBUG $(inherited)";
				SWIFT_OPTIMIZATION_LEVEL = "-Onone";
			};
			name = Debug;
		};
		826D64F02C6A21C100DB46A5 /* Release */ = {
			isa = XCBuildConfiguration;
			buildSettings = {
				ALWAYS_SEARCH_USER_PATHS = NO;
				ASSETCATALOG_COMPILER_GENERATE_SWIFT_ASSET_SYMBOL_EXTENSIONS = YES;
				CLANG_ANALYZER_NONNULL = YES;
				CLANG_ANALYZER_NUMBER_OBJECT_CONVERSION = YES_AGGRESSIVE;
				CLANG_CXX_LANGUAGE_STANDARD = "gnu++20";
				CLANG_ENABLE_MODULES = YES;
				CLANG_ENABLE_OBJC_ARC = YES;
				CLANG_ENABLE_OBJC_WEAK = YES;
				CLANG_WARN_BLOCK_CAPTURE_AUTORELEASING = YES;
				CLANG_WARN_BOOL_CONVERSION = YES;
				CLANG_WARN_COMMA = YES;
				CLANG_WARN_CONSTANT_CONVERSION = YES;
				CLANG_WARN_DEPRECATED_OBJC_IMPLEMENTATIONS = YES;
				CLANG_WARN_DIRECT_OBJC_ISA_USAGE = YES_ERROR;
				CLANG_WARN_DOCUMENTATION_COMMENTS = YES;
				CLANG_WARN_EMPTY_BODY = YES;
				CLANG_WARN_ENUM_CONVERSION = YES;
				CLANG_WARN_INFINITE_RECURSION = YES;
				CLANG_WARN_INT_CONVERSION = YES;
				CLANG_WARN_NON_LITERAL_NULL_CONVERSION = YES;
				CLANG_WARN_OBJC_IMPLICIT_RETAIN_SELF = YES;
				CLANG_WARN_OBJC_LITERAL_CONVERSION = YES;
				CLANG_WARN_OBJC_ROOT_CLASS = YES_ERROR;
				CLANG_WARN_QUOTED_INCLUDE_IN_FRAMEWORK_HEADER = YES;
				CLANG_WARN_RANGE_LOOP_ANALYSIS = YES;
				CLANG_WARN_STRICT_PROTOTYPES = YES;
				CLANG_WARN_SUSPICIOUS_MOVE = YES;
				CLANG_WARN_UNGUARDED_AVAILABILITY = YES_AGGRESSIVE;
				CLANG_WARN_UNREACHABLE_CODE = YES;
				CLANG_WARN__DUPLICATE_METHOD_MATCH = YES;
				COPY_PHASE_STRIP = NO;
				DEBUG_INFORMATION_FORMAT = "dwarf-with-dsym";
				ENABLE_NS_ASSERTIONS = NO;
				ENABLE_STRICT_OBJC_MSGSEND = YES;
				ENABLE_USER_SCRIPT_SANDBOXING = YES;
				GCC_C_LANGUAGE_STANDARD = gnu17;
				GCC_NO_COMMON_BLOCKS = YES;
				GCC_WARN_64_TO_32_BIT_CONVERSION = YES;
				GCC_WARN_ABOUT_RETURN_TYPE = YES_ERROR;
				GCC_WARN_UNDECLARED_SELECTOR = YES;
				GCC_WARN_UNINITIALIZED_AUTOS = YES_AGGRESSIVE;
				GCC_WARN_UNUSED_FUNCTION = YES;
				GCC_WARN_UNUSED_VARIABLE = YES;
				IPHONEOS_DEPLOYMENT_TARGET = 17.5;
				LOCALIZATION_PREFERS_STRING_CATALOGS = YES;
				MTL_ENABLE_DEBUG_INFO = NO;
				MTL_FAST_MATH = YES;
				SDKROOT = iphoneos;
				SWIFT_COMPILATION_MODE = wholemodule;
				VALIDATE_PRODUCT = YES;
			};
			name = Release;
		};
		826D64F22C6A21C100DB46A5 /* Debug */ = {
			isa = XCBuildConfiguration;
			buildSettings = {
				ASSETCATALOG_COMPILER_APPICON_NAME = AppIcon;
				ASSETCATALOG_COMPILER_GLOBAL_ACCENT_COLOR_NAME = AccentColor;
				CODE_SIGN_STYLE = Automatic;
				CURRENT_PROJECT_VERSION = 1;
				DEVELOPMENT_ASSET_PATHS = "\"AnimationApp/Preview Content\"";
				DEVELOPMENT_TEAM = D27FHR29X4;
				ENABLE_PREVIEWS = YES;
				GENERATE_INFOPLIST_FILE = YES;
				INFOPLIST_FILE = AnimationApp/Info.plist;
				INFOPLIST_KEY_UIApplicationSceneManifest_Generation = YES;
				INFOPLIST_KEY_UIApplicationSupportsIndirectInputEvents = YES;
				INFOPLIST_KEY_UILaunchScreen_Generation = YES;
				INFOPLIST_KEY_UISupportedInterfaceOrientations_iPad = "UIInterfaceOrientationPortrait UIInterfaceOrientationPortraitUpsideDown UIInterfaceOrientationLandscapeLeft UIInterfaceOrientationLandscapeRight";
				INFOPLIST_KEY_UISupportedInterfaceOrientations_iPhone = "UIInterfaceOrientationPortrait UIInterfaceOrientationLandscapeLeft UIInterfaceOrientationLandscapeRight";
				LD_RUNPATH_SEARCH_PATHS = (
					"$(inherited)",
					"@executable_path/Frameworks",
				);
				MARKETING_VERSION = 1.0;
				PRODUCT_BUNDLE_IDENTIFIER = Azer.AnimationApp;
				PRODUCT_NAME = "$(TARGET_NAME)";
				SWIFT_EMIT_LOC_STRINGS = YES;
				SWIFT_VERSION = 5.0;
				TARGETED_DEVICE_FAMILY = "1,2";
			};
			name = Debug;
		};
		826D64F32C6A21C100DB46A5 /* Release */ = {
			isa = XCBuildConfiguration;
			buildSettings = {
				ASSETCATALOG_COMPILER_APPICON_NAME = AppIcon;
				ASSETCATALOG_COMPILER_GLOBAL_ACCENT_COLOR_NAME = AccentColor;
				CODE_SIGN_STYLE = Automatic;
				CURRENT_PROJECT_VERSION = 1;
				DEVELOPMENT_ASSET_PATHS = "\"AnimationApp/Preview Content\"";
				DEVELOPMENT_TEAM = D27FHR29X4;
				ENABLE_PREVIEWS = YES;
				GENERATE_INFOPLIST_FILE = YES;
				INFOPLIST_FILE = AnimationApp/Info.plist;
				INFOPLIST_KEY_UIApplicationSceneManifest_Generation = YES;
				INFOPLIST_KEY_UIApplicationSupportsIndirectInputEvents = YES;
				INFOPLIST_KEY_UILaunchScreen_Generation = YES;
				INFOPLIST_KEY_UISupportedInterfaceOrientations_iPad = "UIInterfaceOrientationPortrait UIInterfaceOrientationPortraitUpsideDown UIInterfaceOrientationLandscapeLeft UIInterfaceOrientationLandscapeRight";
				INFOPLIST_KEY_UISupportedInterfaceOrientations_iPhone = "UIInterfaceOrientationPortrait UIInterfaceOrientationLandscapeLeft UIInterfaceOrientationLandscapeRight";
				LD_RUNPATH_SEARCH_PATHS = (
					"$(inherited)",
					"@executable_path/Frameworks",
				);
				MARKETING_VERSION = 1.0;
				PRODUCT_BUNDLE_IDENTIFIER = Azer.AnimationApp;
				PRODUCT_NAME = "$(TARGET_NAME)";
				SWIFT_EMIT_LOC_STRINGS = YES;
				SWIFT_VERSION = 5.0;
				TARGETED_DEVICE_FAMILY = "1,2";
			};
			name = Release;
		};
/* End XCBuildConfiguration section */

/* Begin XCConfigurationList section */
		826D64DE2C6A21BE00DB46A5 /* Build configuration list for PBXProject "AnimationApp" */ = {
			isa = XCConfigurationList;
			buildConfigurations = (
				826D64EF2C6A21C100DB46A5 /* Debug */,
				826D64F02C6A21C100DB46A5 /* Release */,
			);
			defaultConfigurationIsVisible = 0;
			defaultConfigurationName = Release;
		};
		826D64F12C6A21C100DB46A5 /* Build configuration list for PBXNativeTarget "AnimationApp" */ = {
			isa = XCConfigurationList;
			buildConfigurations = (
				826D64F22C6A21C100DB46A5 /* Debug */,
				826D64F32C6A21C100DB46A5 /* Release */,
			);
			defaultConfigurationIsVisible = 0;
			defaultConfigurationName = Release;
		};
/* End XCConfigurationList section */

/* Begin XCRemoteSwiftPackageReference section */
		826D64F42C6A22B500DB46A5 /* XCRemoteSwiftPackageReference "rive-ios" */ = {
			isa = XCRemoteSwiftPackageReference;
			repositoryURL = "https://github.com/rive-app/rive-ios";
			requirement = {
				kind = upToNextMajorVersion;
				minimumVersion = 6.0.0;
			};
		};
/* End XCRemoteSwiftPackageReference section */

/* Begin XCSwiftPackageProductDependency section */
		826D64F52C6A22B500DB46A5 /* RiveRuntime */ = {
			isa = XCSwiftPackageProductDependency;
			package = 826D64F42C6A22B500DB46A5 /* XCRemoteSwiftPackageReference "rive-ios" */;
			productName = RiveRuntime;
		};
/* End XCSwiftPackageProductDependency section */
	};
	rootObject = 826D64DB2C6A21BE00DB46A5 /* Project object */;
}
